
Microsoft Visual Studio Solution File, Format Version 12.00
# Visual Studio Version 17
VisualStudioVersion = 17.4.33205.214
MinimumVisualStudioVersion = 10.0.40219.1
Project("{9A19103F-16F7-4668-BE54-9A1E7A4F7556}") = "KalkulackaLogistikyClassic", "KalkulackaLogistikyClassic\KalkulackaLogistikyClassic.csproj", "{54307650-E96B-4198-BFA5-B6F71C4FCC7F}"
EndProject
Global
	GlobalSection(SolutionConfigurationPlatforms) = preSolution
		Debug|Any CPU = Debug|Any CPU
		Release|Any CPU = Release|Any CPU
	EndGlobalSection
	GlobalSection(ProjectConfigurationPlatforms) = postSolution
		{54307650-E96B-4198-BFA5-B6F71C4FCC7F}.Debug|Any CPU.ActiveCfg = Debug|Any CPU
		{54307650-E96B-4198-BFA5-B6F71C4FCC7F}.Debug|Any CPU.Build.0 = Debug|Any CPU
		{54307650-E96B-4198-BFA5-B6F71C4FCC7F}.Release|Any CPU.ActiveCfg = Release|Any CPU
		{54307650-E96B-4198-BFA5-B6F71C4FCC7F}.Release|Any CPU.Build.0 = Release|Any CPU
	EndGlobalSection
	GlobalSection(SolutionProperties) = preSolution
		HideSolutionNode = FALSE
	EndGlobalSection
	GlobalSection(ExtensibilityGlobals) = postSolution
		SolutionGuid = {CAC6E177-0892-4D62-BE44-B49EB9341E32}
	EndGlobalSection
EndGlobal
